PODS:
  - CardIO (5.4.1)
  - PayPal-iOS-SDK (2.16.0):
    - PayPal-iOS-SDK/CardIO (= 2.16.0)
    - PayPal-iOS-SDK/Core (= 2.16.0)
  - PayPal-iOS-SDK/CardIO (2.16.0):
    - CardIO (~> 5.4.1)
  - PayPal-iOS-SDK/Core (2.16.0)
  - Stripe (9.0.0)

DEPENDENCIES:
  - PayPal-iOS-SDK
  - Stripe

SPEC CHECKSUMS:
  CardIO: 56983b39b62f495fc6dae9ad7cf875143df06443
  PayPal-iOS-SDK: 7c35d7a6ebade1ac9138a815d421233ee6624221
  Stripe: 935c6deb5e96cbd29d247074bf3aa98a8438e22c

PODFILE CHECKSUM: 1ec361909e128b535f1d93938380162c43e5b907

COCOAPODS: 1.0.0
